
Microsoft Visual Studio Solution File, Format Version 12.00
# Visual Studio 15
VisualStudioVersion = 15.0.28307.572
MinimumVisualStudioVersion = 10.0.40219.1
Project("{FAE04EC0-301F-11D3-BF4B-00C04F79EFBC}") = "main", "main\main.csproj", "{8CEA60AE-B8B8-459C-944C-F1C626EC42D0}"
EndProject
Global
	GlobalSection(SolutionConfigurationPlatforms) = preSolution
		Debug|Any CPU = Debug|Any CPU
		Release|Any CPU = Release|Any CPU
	EndGlobalSection
	GlobalSection(ProjectConfigurationPlatforms) = postSolution
		{8CEA60AE-B8B8-459C-944C-F1C626EC42D0}.Debug|Any CPU.ActiveCfg = Debug|Any CPU
		{8CEA60AE-B8B8-459C-944C-F1C626EC42D0}.Debug|Any CPU.Build.0 = Debug|Any CPU
		{8CEA60AE-B8B8-459C-944C-F1C626EC42D0}.Debug|Any CPU.Deploy.0 = Debug|Any CPU
		{8CEA60AE-B8B8-459C-944C-F1C626EC42D0}.Release|Any CPU.ActiveCfg = Release|Any CPU
		{8CEA60AE-B8B8-459C-944C-F1C626EC42D0}.Release|Any CPU.Build.0 = Release|Any CPU
		{8CEA60AE-B8B8-459C-944C-F1C626EC42D0}.Release|Any CPU.Deploy.0 = Release|Any CPU
	EndGlobalSection
	GlobalSection(SolutionProperties) = preSolution
		HideSolutionNode = FALSE
	EndGlobalSection
	GlobalSection(ExtensibilityGlobals) = postSolution
		SolutionGuid = {62A59EB9-2DE9-4600-98BB-A5487AFFD0F3}
	EndGlobalSection
EndGlobal
